
Microsoft Visual Studio Solution File, Format Version 12.00
# Visual Studio Version 16
VisualStudioVersion = 16.0.29613.14
MinimumVisualStudioVersion = 10.0.40219.1
Project("{9A19103F-16F7-4668-BE54-9A1E7A4F7556}") = "NetCore", "NetCore\NetCore.csproj", "{2CB41A20-0315-49C9-8E76-C94BCF3C7442}"
EndProject
Project("{2150E333-8FDC-42A3-9474-1A3956D46DE8}") = "Solution Items", "Solution Items", "{BA209F08-E6AA-4928-A9DD-1DCAFB4DF1CB}"
	ProjectSection(SolutionItems) = preProject
		Icon.png = Icon.png
		README.md = README.md
	EndProjectSection
EndProject
Project("{2150E333-8FDC-42A3-9474-1A3956D46DE8}") = "NuGet", "NuGet", "{009BF7C6-ACC5-48ED-BB43-AB48BE694D07}"
	ProjectSection(SolutionItems) = preProject
		NuGet\Icon.png = NuGet\Icon.png
	EndProjectSection
EndProject
Project("{9A19103F-16F7-4668-BE54-9A1E7A4F7556}") = "NetCore.Tests", "NetCore.Tests\NetCore.Tests.csproj", "{D6F9906D-FC9C-4F6E-83FB-5361B38F3ECE}"
EndProject
Global
	GlobalSection(SolutionConfigurationPlatforms) = preSolution
		Debug|Any CPU = Debug|Any CPU
		Release|Any CPU = Release|Any CPU
	EndGlobalSection
	GlobalSection(ProjectConfigurationPlatforms) = postSolution
		{2CB41A20-0315-49C9-8E76-C94BCF3C7442}.Debug|Any CPU.ActiveCfg = Debug|Any CPU
		{2CB41A20-0315-49C9-8E76-C94BCF3C7442}.Debug|Any CPU.Build.0 = Debug|Any CPU
		{2CB41A20-0315-49C9-8E76-C94BCF3C7442}.Release|Any CPU.ActiveCfg = Release|Any CPU
		{2CB41A20-0315-49C9-8E76-C94BCF3C7442}.Release|Any CPU.Build.0 = Release|Any CPU
		{D6F9906D-FC9C-4F6E-83FB-5361B38F3ECE}.Debug|Any CPU.ActiveCfg = Debug|Any CPU
		{D6F9906D-FC9C-4F6E-83FB-5361B38F3ECE}.Debug|Any CPU.Build.0 = Debug|Any CPU
		{D6F9906D-FC9C-4F6E-83FB-5361B38F3ECE}.Release|Any CPU.ActiveCfg = Release|Any CPU
		{D6F9906D-FC9C-4F6E-83FB-5361B38F3ECE}.Release|Any CPU.Build.0 = Release|Any CPU
	EndGlobalSection
	GlobalSection(SolutionProperties) = preSolution
		HideSolutionNode = FALSE
	EndGlobalSection
	GlobalSection(NestedProjects) = preSolution
		{009BF7C6-ACC5-48ED-BB43-AB48BE694D07} = {BA209F08-E6AA-4928-A9DD-1DCAFB4DF1CB}
	EndGlobalSection
	GlobalSection(ExtensibilityGlobals) = postSolution
		SolutionGuid = {D9C25DED-CAFF-4856-B5D2-D41466F074A0}
	EndGlobalSection
EndGlobal
